
Microsoft Visual Studio Solution File, Format Version 12.00
# Visual Studio 2013
VisualStudioVersion = 12.0.31101.0
MinimumVisualStudioVersion = 10.0.40219.1
Project("{159641D6-6404-4A2A-AE62-294DE0FE8301}") = "SSIS", "TestPackages\SSIS.dtproj", "{97885C0A-056B-4DA5-9DB0-E983340A2255}"
EndProject
Project("{FAE04EC0-301F-11D3-BF4B-00C04F79EFBC}") = "SSISUnitTesting", "SSISUnitTesting\SSISUnitTesting.csproj", "{72863AA1-7266-4660-A0AF-F8F61639B402}"
EndProject
Global
	GlobalSection(SolutionConfigurationPlatforms) = preSolution
		Debug|Any CPU = Debug|Any CPU
		Development|Any CPU = Development|Any CPU
		Release|Any CPU = Release|Any CPU
	EndGlobalSection
	GlobalSection(ProjectConfigurationPlatforms) = postSolution
		{97885C0A-056B-4DA5-9DB0-E983340A2255}.Debug|Any CPU.ActiveCfg = Development
		{97885C0A-056B-4DA5-9DB0-E983340A2255}.Debug|Any CPU.Build.0 = Development
		{97885C0A-056B-4DA5-9DB0-E983340A2255}.Development|Any CPU.ActiveCfg = Development
		{97885C0A-056B-4DA5-9DB0-E983340A2255}.Development|Any CPU.Build.0 = Development
		{97885C0A-056B-4DA5-9DB0-E983340A2255}.Release|Any CPU.ActiveCfg = Development
		{97885C0A-056B-4DA5-9DB0-E983340A2255}.Release|Any CPU.Build.0 = Development
		{72863AA1-7266-4660-A0AF-F8F61639B402}.Debug|Any CPU.ActiveCfg = Debug|Any CPU
		{72863AA1-7266-4660-A0AF-F8F61639B402}.Debug|Any CPU.Build.0 = Debug|Any CPU
		{72863AA1-7266-4660-A0AF-F8F61639B402}.Development|Any CPU.ActiveCfg = Debug|Any CPU
		{72863AA1-7266-4660-A0AF-F8F61639B402}.Development|Any CPU.Build.0 = Debug|Any CPU
		{72863AA1-7266-4660-A0AF-F8F61639B402}.Release|Any CPU.ActiveCfg = Release|Any CPU
		{72863AA1-7266-4660-A0AF-F8F61639B402}.Release|Any CPU.Build.0 = Release|Any CPU
	EndGlobalSection
	GlobalSection(SolutionProperties) = preSolution
		HideSolutionNode = FALSE
	EndGlobalSection
EndGlobal
